
Microsoft Visual Studio Solution File, Format Version 12.00
# Visual Studio 15
VisualStudioVersion = 15.0.28307.852
MinimumVisualStudioVersion = 10.0.40219.1
Project("{FAE04EC0-301F-11D3-BF4B-00C04F79EFBC}") = "Gpr", "Gpr\Gpr.csproj", "{0BC00B6E-7135-4225-8615-46F9B232FFDD}"
EndProject
Global
	GlobalSection(SolutionConfigurationPlatforms) = preSolution
		Debug|Any CPU = Debug|Any CPU
		Release|Any CPU = Release|Any CPU
	EndGlobalSection
	GlobalSection(ProjectConfigurationPlatforms) = postSolution
		{0BC00B6E-7135-4225-8615-46F9B232FFDD}.Debug|Any CPU.ActiveCfg = Debug|Any CPU
		{0BC00B6E-7135-4225-8615-46F9B232FFDD}.Debug|Any CPU.Build.0 = Debug|Any CPU
		{0BC00B6E-7135-4225-8615-46F9B232FFDD}.Release|Any CPU.ActiveCfg = Release|Any CPU
		{0BC00B6E-7135-4225-8615-46F9B232FFDD}.Release|Any CPU.Build.0 = Release|Any CPU
	EndGlobalSection
	GlobalSection(SolutionProperties) = preSolution
		HideSolutionNode = FALSE
	EndGlobalSection
	GlobalSection(ExtensibilityGlobals) = postSolution
		SolutionGuid = {B669866A-C5E1-4E49-84AF-CBDEF760C1CA}
	EndGlobalSection
EndGlobal
